Microsoft Visual Studio Solution File, Format Version 9.00
# Visual Studio 2005
Project("{8BC9CEB8-8B4A-11D0-8D11-00A0C91BC942}") = "Client (HL2MP)", "game\client\client_hl2mp-2005.vcproj", "{5FE91DC8-B6DF-4061-984E-36FD36623E72}"
EndProject
Project("{8BC9CEB8-8B4A-11D0-8D11-00A0C91BC942}") = "Server (HL2MP)", "game\server\server_hl2mp-2005.vcproj", "{4254C2D9-2C38-4911-BD4A-EB034CBD48D1}"
EndProject
Global
	GlobalSection(SolutionConfigurationPlatforms) = preSolution
		Debug|Win32 = Debug|Win32
		Release|Win32 = Release|Win32
	EndGlobalSection
	GlobalSection(ProjectConfigurationPlatforms) = postSolution
		{5FE91DC8-B6DF-4061-984E-36FD36623E72}.Debug|Win32.ActiveCfg = Debug|Win32
		{5FE91DC8-B6DF-4061-984E-36FD36623E72}.Debug|Win32.Build.0 = Debug|Win32
		{5FE91DC8-B6DF-4061-984E-36FD36623E72}.Release|Win32.ActiveCfg = Release|Win32
		{5FE91DC8-B6DF-4061-984E-36FD36623E72}.Release|Win32.Build.0 = Release|Win32
		{4254C2D9-2C38-4911-BD4A-EB034CBD48D1}.Debug|Win32.ActiveCfg = Debug|Win32
		{4254C2D9-2C38-4911-BD4A-EB034CBD48D1}.Debug|Win32.Build.0 = Debug|Win32
		{4254C2D9-2C38-4911-BD4A-EB034CBD48D1}.Release|Win32.ActiveCfg = Release|Win32
		{4254C2D9-2C38-4911-BD4A-EB034CBD48D1}.Release|Win32.Build.0 = Release|Win32
	EndGlobalSection
	GlobalSection(SolutionProperties) = preSolution
		HideSolutionNode = FALSE
	EndGlobalSection
EndGlobal
