Microsoft Visual Studio Solution File, Format Version 8.00
Project("{8BC9CEB8-8B4A-11D0-8D11-00A0C91BC942}") = "client", "cl_dll\client_scratch-2003.vcproj", "{E44D6502-2BB4-47F8-85CF-ACDD4FC18329}"
	ProjectSection(ProjectDependencies) = postProject
	EndProjectSection
EndProject
Project("{8BC9CEB8-8B4A-11D0-8D11-00A0C91BC942}") = "server", "dlls\server_scratch-2003.vcproj", "{1AA0213B-2B68-40CD-90F8-CFDFD37C1550}"
	ProjectSection(ProjectDependencies) = postProject
	EndProjectSection
EndProject
Global
	GlobalSection(SolutionConfiguration) = preSolution
		Debug SDK = Debug SDK
		Release SDK = Release SDK
	EndGlobalSection
	GlobalSection(ProjectConfiguration) = postSolution
		{E44D6502-2BB4-47F8-85CF-ACDD4FC18329}.Debug SDK.ActiveCfg = Debug SDK|Win32
		{E44D6502-2BB4-47F8-85CF-ACDD4FC18329}.Debug SDK.Build.0 = Debug SDK|Win32
		{E44D6502-2BB4-47F8-85CF-ACDD4FC18329}.Release SDK.ActiveCfg = Release SDK|Win32
		{E44D6502-2BB4-47F8-85CF-ACDD4FC18329}.Release SDK.Build.0 = Release SDK|Win32
		{1AA0213B-2B68-40CD-90F8-CFDFD37C1550}.Debug SDK.ActiveCfg = Debug SDK|Win32
		{1AA0213B-2B68-40CD-90F8-CFDFD37C1550}.Debug SDK.Build.0 = Debug SDK|Win32
		{1AA0213B-2B68-40CD-90F8-CFDFD37C1550}.Release SDK.ActiveCfg = Release SDK|Win32
		{1AA0213B-2B68-40CD-90F8-CFDFD37C1550}.Release SDK.Build.0 = Release SDK|Win32
	EndGlobalSection
	GlobalSection(ExtensibilityGlobals) = postSolution
	EndGlobalSection
	GlobalSection(ExtensibilityAddIns) = postSolution
	EndGlobalSection
EndGlobal
