<?xml version="1.0" encoding="utf-8"?>
<Project ToolsVersion="4.0" xmlns="http://schemas.microsoft.com/developer/msbuild/2003">
  <ItemGroup>
    <Filter Include="Source Files">
      <UniqueIdentifier>{00f9c713-dc8b-4f56-b6a8-0f7252d1a270}</UniqueIdentifier>
      <Extensions>cpp;c;cxx;rc;def;r;odl;idl;hpj;bat</Extensions>
    </Filter>
    <Filter Include="Public Header Files">
      <UniqueIdentifier>{c9fa2f3a-719d-4fab-aa39-714cf6391317}</UniqueIdentifier>
      <Extensions>h</Extensions>
    </Filter>
    <Filter Include="Header Files">
      <UniqueIdentifier>{7f621938-4fe8-4d3f-a1b1-e00a41531e16}</UniqueIdentifier>
      <Extensions>h;hpp;hxx;hm;inl</Extensions>
    </Filter>
  </ItemGroup>
  <ItemGroup>
    <ClCompile Include="anorms.cpp">
      <Filter>Source Files</Filter>
    </ClCompile>
    <ClCompile Include="bumpvects.cpp">
      <Filter>Source Files</Filter>
    </ClCompile>
    <ClCompile Include="color_conversion.cpp">
      <Filter>Source Files</Filter>
    </ClCompile>
    <ClCompile Include="halton.cpp">
      <Filter>Source Files</Filter>
    </ClCompile>
    <ClCompile Include="IceKey.cpp">
      <Filter>Source Files</Filter>
    </ClCompile>
    <ClCompile Include="imagequant.cpp">
      <Filter>Source Files</Filter>
    </ClCompile>
    <ClCompile Include="lightdesc.cpp">
      <Filter>Source Files</Filter>
    </ClCompile>
    <ClCompile Include="mathlib_base.cpp">
      <Filter>Source Files</Filter>
    </ClCompile>
    <ClCompile Include="polyhedron.cpp">
      <Filter>Source Files</Filter>
    </ClCompile>
    <ClCompile Include="powsse.cpp">
      <Filter>Source Files</Filter>
    </ClCompile>
    <ClCompile Include="quantize.cpp">
      <Filter>Source Files</Filter>
    </ClCompile>
    <ClCompile Include="randsse.cpp">
      <Filter>Source Files</Filter>
    </ClCompile>
    <ClCompile Include="simdvectormatrix.cpp">
      <Filter>Source Files</Filter>
    </ClCompile>
    <ClCompile Include="sparse_convolution_noise.cpp">
      <Filter>Source Files</Filter>
    </ClCompile>
    <ClCompile Include="sse.cpp">
      <Filter>Source Files</Filter>
    </ClCompile>
    <ClCompile Include="sseconst.cpp">
      <Filter>Source Files</Filter>
    </ClCompile>
    <ClCompile Include="ssenoise.cpp">
      <Filter>Source Files</Filter>
    </ClCompile>
    <ClCompile Include="vector.cpp">
      <Filter>Source Files</Filter>
    </ClCompile>
    <ClCompile Include="vmatrix.cpp">
      <Filter>Source Files</Filter>
    </ClCompile>
  </ItemGroup>
  <ItemGroup>
    <ClInclude Include="..\public\mathlib\amd3dx.h">
      <Filter>Public Header Files</Filter>
    </ClInclude>
    <ClInclude Include="..\public\mathlib\anorms.h">
      <Filter>Public Header Files</Filter>
    </ClInclude>
    <ClInclude Include="..\public\mathlib\bumpvects.h">
      <Filter>Public Header Files</Filter>
    </ClInclude>
    <ClInclude Include="..\public\mathlib\compressed_3d_unitvec.h">
      <Filter>Public Header Files</Filter>
    </ClInclude>
    <ClInclude Include="..\public\mathlib\compressed_light_cube.h">
      <Filter>Public Header Files</Filter>
    </ClInclude>
    <ClInclude Include="..\public\mathlib\compressed_vector.h">
      <Filter>Public Header Files</Filter>
    </ClInclude>
    <ClInclude Include="..\public\mathlib\halton.h">
      <Filter>Public Header Files</Filter>
    </ClInclude>
    <ClInclude Include="..\public\mathlib\IceKey.H">
      <Filter>Public Header Files</Filter>
    </ClInclude>
    <ClInclude Include="..\public\mathlib\lightdesc.h">
      <Filter>Public Header Files</Filter>
    </ClInclude>
    <ClInclude Include="..\public\mathlib\math_pfns.h">
      <Filter>Public Header Files</Filter>
    </ClInclude>
    <ClInclude Include="..\public\mathlib\mathlib.h">
      <Filter>Public Header Files</Filter>
    </ClInclude>
    <ClInclude Include="..\public\mathlib\noise.h">
      <Filter>Public Header Files</Filter>
    </ClInclude>
    <ClInclude Include="..\public\mathlib\polyhedron.h">
      <Filter>Public Header Files</Filter>
    </ClInclude>
    <ClInclude Include="..\public\mathlib\quantize.h">
      <Filter>Public Header Files</Filter>
    </ClInclude>
    <ClInclude Include="..\public\mathlib\simdvectormatrix.h">
      <Filter>Public Header Files</Filter>
    </ClInclude>
    <ClInclude Include="..\public\mathlib\ssemath.h">
      <Filter>Public Header Files</Filter>
    </ClInclude>
    <ClInclude Include="..\public\mathlib\ssequaternion.h">
      <Filter>Public Header Files</Filter>
    </ClInclude>
    <ClInclude Include="..\public\mathlib\vector.h">
      <Filter>Public Header Files</Filter>
    </ClInclude>
    <ClInclude Include="..\public\mathlib\vector2d.h">
      <Filter>Public Header Files</Filter>
    </ClInclude>
    <ClInclude Include="..\public\mathlib\vector4d.h">
      <Filter>Public Header Files</Filter>
    </ClInclude>
    <ClInclude Include="..\public\mathlib\vmatrix.h">
      <Filter>Public Header Files</Filter>
    </ClInclude>
    <ClInclude Include="..\public\mathlib\vplane.h">
      <Filter>Public Header Files</Filter>
    </ClInclude>
    <ClInclude Include="3dnow.h">
      <Filter>Header Files</Filter>
    </ClInclude>
    <ClInclude Include="noisedata.h">
      <Filter>Header Files</Filter>
    </ClInclude>
    <ClInclude Include="sse.h">
      <Filter>Header Files</Filter>
    </ClInclude>
  </ItemGroup>
</Project>